
Microsoft Visual Studio Solution File, Format Version 12.00
# Visual Studio Version 17
VisualStudioVersion = 17.3.32611.2
MinimumVisualStudioVersion = 10.0.40219.1
Project("{9A19103F-16F7-4668-BE54-9A1E7A4F7556}") = "JwConventionSubtitles.NetStandard", "JwConventionSubtitles.NetStandard\JwConventionSubtitles.NetStandard.csproj", "{9346CFF6-A337-40B3-8CCD-797E3B158F39}"
EndProject
Project("{9A19103F-16F7-4668-BE54-9A1E7A4F7556}") = "JwConventionSubtitles.Tests", "JwConventionSubtitles.Tests\JwConventionSubtitles.Tests.csproj", "{DC5471EC-0ACB-4207-891D-6DB7067D351B}"
EndProject
Global
	GlobalSection(SolutionConfigurationPlatforms) = preSolution
		Debug|Any CPU = Debug|Any CPU
		Release|Any CPU = Release|Any CPU
	EndGlobalSection
	GlobalSection(ProjectConfigurationPlatforms) = postSolution
		{9346CFF6-A337-40B3-8CCD-797E3B158F39}.Debug|Any CPU.ActiveCfg = Debug|Any CPU
		{9346CFF6-A337-40B3-8CCD-797E3B158F39}.Debug|Any CPU.Build.0 = Debug|Any CPU
		{9346CFF6-A337-40B3-8CCD-797E3B158F39}.Release|Any CPU.ActiveCfg = Release|Any CPU
		{9346CFF6-A337-40B3-8CCD-797E3B158F39}.Release|Any CPU.Build.0 = Release|Any CPU
		{DC5471EC-0ACB-4207-891D-6DB7067D351B}.Debug|Any CPU.ActiveCfg = Debug|Any CPU
		{DC5471EC-0ACB-4207-891D-6DB7067D351B}.Debug|Any CPU.Build.0 = Debug|Any CPU
		{DC5471EC-0ACB-4207-891D-6DB7067D351B}.Release|Any CPU.ActiveCfg = Release|Any CPU
		{DC5471EC-0ACB-4207-891D-6DB7067D351B}.Release|Any CPU.Build.0 = Release|Any CPU
	EndGlobalSection
	GlobalSection(SolutionProperties) = preSolution
		HideSolutionNode = FALSE
	EndGlobalSection
	GlobalSection(ExtensibilityGlobals) = postSolution
		SolutionGuid = {7FBAFAB6-2CBE-4B44-9938-03F9A3592F1B}
	EndGlobalSection
EndGlobal
